
Microsoft Visual Studio Solution File, Format Version 12.00
# Visual Studio Version 17
VisualStudioVersion = 17.0.32112.339
MinimumVisualStudioVersion = 10.0.40219.1
Project("{FAE04EC0-301F-11D3-BF4B-00C04F79EFBC}") = "WindowsServiceScaner", "WindowsServiceScaner\WindowsServiceScaner.csproj", "{6553D42E-22CE-48B0-823C-0F147340A42D}"
EndProject
Project("{FAE04EC0-301F-11D3-BF4B-00C04F79EFBC}") = "Semple", "Semple\Semple.csproj", "{F3755F5C-34F4-4FE5-89B0-107717953C2D}"
EndProject
Project("{FAE04EC0-301F-11D3-BF4B-00C04F79EFBC}") = "Service_3", "Service_3\Service_3.csproj", "{4FC2E839-49C4-491D-BF5E-129C11555C25}"
EndProject
Global
	GlobalSection(SolutionConfigurationPlatforms) = preSolution
		Debug|Any CPU = Debug|Any CPU
		Release|Any CPU = Release|Any CPU
	EndGlobalSection
	GlobalSection(ProjectConfigurationPlatforms) = postSolution
		{6553D42E-22CE-48B0-823C-0F147340A42D}.Debug|Any CPU.ActiveCfg = Debug|Any CPU
		{6553D42E-22CE-48B0-823C-0F147340A42D}.Debug|Any CPU.Build.0 = Debug|Any CPU
		{6553D42E-22CE-48B0-823C-0F147340A42D}.Release|Any CPU.ActiveCfg = Release|Any CPU
		{6553D42E-22CE-48B0-823C-0F147340A42D}.Release|Any CPU.Build.0 = Release|Any CPU
		{F3755F5C-34F4-4FE5-89B0-107717953C2D}.Debug|Any CPU.ActiveCfg = Debug|Any CPU
		{F3755F5C-34F4-4FE5-89B0-107717953C2D}.Debug|Any CPU.Build.0 = Debug|Any CPU
		{F3755F5C-34F4-4FE5-89B0-107717953C2D}.Release|Any CPU.ActiveCfg = Release|Any CPU
		{F3755F5C-34F4-4FE5-89B0-107717953C2D}.Release|Any CPU.Build.0 = Release|Any CPU
		{4FC2E839-49C4-491D-BF5E-129C11555C25}.Debug|Any CPU.ActiveCfg = Debug|Any CPU
		{4FC2E839-49C4-491D-BF5E-129C11555C25}.Debug|Any CPU.Build.0 = Debug|Any CPU
		{4FC2E839-49C4-491D-BF5E-129C11555C25}.Release|Any CPU.ActiveCfg = Release|Any CPU
		{4FC2E839-49C4-491D-BF5E-129C11555C25}.Release|Any CPU.Build.0 = Release|Any CPU
	EndGlobalSection
	GlobalSection(SolutionProperties) = preSolution
		HideSolutionNode = FALSE
	EndGlobalSection
	GlobalSection(ExtensibilityGlobals) = postSolution
		SolutionGuid = {051C31CE-3D70-4248-B163-E1AF6579F942}
	EndGlobalSection
EndGlobal
